
Microsoft Visual Studio Solution File, Format Version 12.00
# Visual Studio Version 17
VisualStudioVersion = 17.4.33205.214
MinimumVisualStudioVersion = 10.0.40219.1
Project("{FAE04EC0-301F-11D3-BF4B-00C04F79EFBC}") = "TaskManagementSystem", "TaskManagementSystem.csproj", "{44330A0A-1EC5-46CF-A771-118A92310138}"
EndProject
Global
	GlobalSection(SolutionConfigurationPlatforms) = preSolution
		Debug|Any CPU = Debug|Any CPU
		Release|Any CPU = Release|Any CPU
	EndGlobalSection
	GlobalSection(ProjectConfigurationPlatforms) = postSolution
		{44330A0A-1EC5-46CF-A771-118A92310138}.Debug|Any CPU.ActiveCfg = Debug|Any CPU
		{44330A0A-1EC5-46CF-A771-118A92310138}.Debug|Any CPU.Build.0 = Debug|Any CPU
		{44330A0A-1EC5-46CF-A771-118A92310138}.Release|Any CPU.ActiveCfg = Release|Any CPU
		{44330A0A-1EC5-46CF-A771-118A92310138}.Release|Any CPU.Build.0 = Release|Any CPU
	EndGlobalSection
	GlobalSection(SolutionProperties) = preSolution
		HideSolutionNode = FALSE
	EndGlobalSection
	GlobalSection(ExtensibilityGlobals) = postSolution
		SolutionGuid = {1E1F4BDE-302D-47C6-8225-37BA6C2D3E6B}
	EndGlobalSection
EndGlobal
